
Microsoft Visual Studio Solution File, Format Version 12.00
# Visual Studio 15
VisualStudioVersion = 15.0.28307.329
MinimumVisualStudioVersion = 10.0.40219.1
Project("{FAE04EC0-301F-11D3-BF4B-00C04F79EFBC}") = "NIIT.Web", "NIIT.Web\NIIT.Web.csproj", "{5238D1EB-35C9-4B5A-8DD2-12DBC6850AC0}"
EndProject
Global
	GlobalSection(SolutionConfigurationPlatforms) = preSolution
		Debug|Any CPU = Debug|Any CPU
		Release|Any CPU = Release|Any CPU
	EndGlobalSection
	GlobalSection(ProjectConfigurationPlatforms) = postSolution
		{5238D1EB-35C9-4B5A-8DD2-12DBC6850AC0}.Debug|Any CPU.ActiveCfg = Debug|Any CPU
		{5238D1EB-35C9-4B5A-8DD2-12DBC6850AC0}.Debug|Any CPU.Build.0 = Debug|Any CPU
		{5238D1EB-35C9-4B5A-8DD2-12DBC6850AC0}.Release|Any CPU.ActiveCfg = Release|Any CPU
		{5238D1EB-35C9-4B5A-8DD2-12DBC6850AC0}.Release|Any CPU.Build.0 = Release|Any CPU
	EndGlobalSection
	GlobalSection(SolutionProperties) = preSolution
		HideSolutionNode = FALSE
	EndGlobalSection
	GlobalSection(ExtensibilityGlobals) = postSolution
		SolutionGuid = {37E4297E-EED4-461E-9A63-49271656A397}
	EndGlobalSection
EndGlobal
